
Microsoft Visual Studio Solution File, Format Version 12.00
# Visual Studio 15
VisualStudioVersion = 15.0.28010.2048
MinimumVisualStudioVersion = 10.0.40219.1
Project("{FAE04EC0-301F-11D3-BF4B-00C04F79EFBC}") = "HRSite3", "HRSite3\HRSite3.csproj", "{9FFFC0D0-568D-4995-9D88-EDD8FECF7782}"
EndProject
Global
	GlobalSection(SolutionConfigurationPlatforms) = preSolution
		Debug|Any CPU = Debug|Any CPU
		Release|Any CPU = Release|Any CPU
	EndGlobalSection
	GlobalSection(ProjectConfigurationPlatforms) = postSolution
		{9FFFC0D0-568D-4995-9D88-EDD8FECF7782}.Debug|Any CPU.ActiveCfg = Debug|Any CPU
		{9FFFC0D0-568D-4995-9D88-EDD8FECF7782}.Debug|Any CPU.Build.0 = Debug|Any CPU
		{9FFFC0D0-568D-4995-9D88-EDD8FECF7782}.Release|Any CPU.ActiveCfg = Release|Any CPU
		{9FFFC0D0-568D-4995-9D88-EDD8FECF7782}.Release|Any CPU.Build.0 = Release|Any CPU
	EndGlobalSection
	GlobalSection(SolutionProperties) = preSolution
		HideSolutionNode = FALSE
	EndGlobalSection
	GlobalSection(ExtensibilityGlobals) = postSolution
		SolutionGuid = {F936705A-E032-4CCC-8178-9EC85ABEB50C}
	EndGlobalSection
EndGlobal
